
Microsoft Visual Studio Solution File, Format Version 12.00
Project("{FAE04EC0-301F-11D3-BF4B-00C04F79EFBC}") = "isWeekendHolidayAPI", "isWeekendHolidayAPI\isWeekendHolidayAPI.csproj", "{1EB470AD-DCDD-4B96-B2B1-5F0ED27713F5}"
EndProject
Global
	GlobalSection(SolutionConfigurationPlatforms) = preSolution
		Debug|Any CPU = Debug|Any CPU
		Release|Any CPU = Release|Any CPU
	EndGlobalSection
	GlobalSection(ProjectConfigurationPlatforms) = postSolution
		{1EB470AD-DCDD-4B96-B2B1-5F0ED27713F5}.Debug|Any CPU.ActiveCfg = Debug|Any CPU
		{1EB470AD-DCDD-4B96-B2B1-5F0ED27713F5}.Debug|Any CPU.Build.0 = Debug|Any CPU
		{1EB470AD-DCDD-4B96-B2B1-5F0ED27713F5}.Release|Any CPU.ActiveCfg = Release|Any CPU
		{1EB470AD-DCDD-4B96-B2B1-5F0ED27713F5}.Release|Any CPU.Build.0 = Release|Any CPU
	EndGlobalSection
EndGlobal
